
Microsoft Visual Studio Solution File, Format Version 12.00
# Visual Studio 15
VisualStudioVersion = 15.0.28010.2016
MinimumVisualStudioVersion = 10.0.40219.1
Project("{9092AA53-FB77-4645-B42D-1CCCA6BD08BD}") = "webhelpdesk", "webhelpdesk\webhelpdesk.njsproj", "{B01E8B21-B35C-4FD8-A5FF-D9EF639CD378}"
EndProject
Global
	GlobalSection(SolutionConfigurationPlatforms) = preSolution
		Debug|Any CPU = Debug|Any CPU
		Release|Any CPU = Release|Any CPU
	EndGlobalSection
	GlobalSection(ProjectConfigurationPlatforms) = postSolution
		{B01E8B21-B35C-4FD8-A5FF-D9EF639CD378}.Debug|Any CPU.ActiveCfg = Debug|Any CPU
		{B01E8B21-B35C-4FD8-A5FF-D9EF639CD378}.Debug|Any CPU.Build.0 = Debug|Any CPU
		{B01E8B21-B35C-4FD8-A5FF-D9EF639CD378}.Release|Any CPU.ActiveCfg = Release|Any CPU
		{B01E8B21-B35C-4FD8-A5FF-D9EF639CD378}.Release|Any CPU.Build.0 = Release|Any CPU
	EndGlobalSection
	GlobalSection(SolutionProperties) = preSolution
		HideSolutionNode = FALSE
	EndGlobalSection
	GlobalSection(ExtensibilityGlobals) = postSolution
		SolutionGuid = {4FFBCC5E-6026-42D3-87FC-77017190C042}
	EndGlobalSection
EndGlobal
